
Microsoft Visual Studio Solution File, Format Version 12.00
# Visual Studio 15
VisualStudioVersion = 15.0.28307.168
MinimumVisualStudioVersion = 10.0.40219.1
Project("{FAE04EC0-301F-11D3-BF4B-00C04F79EFBC}") = "EFSQLiteLesson", "EFSQLiteLesson\EFSQLiteLesson.csproj", "{706B3573-BAC4-4998-8070-03B089A072DA}"
EndProject
Global
	GlobalSection(SolutionConfigurationPlatforms) = preSolution
		Debug|Any CPU = Debug|Any CPU
		Release|Any CPU = Release|Any CPU
	EndGlobalSection
	GlobalSection(ProjectConfigurationPlatforms) = postSolution
		{706B3573-BAC4-4998-8070-03B089A072DA}.Debug|Any CPU.ActiveCfg = Debug|Any CPU
		{706B3573-BAC4-4998-8070-03B089A072DA}.Debug|Any CPU.Build.0 = Debug|Any CPU
		{706B3573-BAC4-4998-8070-03B089A072DA}.Release|Any CPU.ActiveCfg = Release|Any CPU
		{706B3573-BAC4-4998-8070-03B089A072DA}.Release|Any CPU.Build.0 = Release|Any CPU
	EndGlobalSection
	GlobalSection(SolutionProperties) = preSolution
		HideSolutionNode = FALSE
	EndGlobalSection
	GlobalSection(ExtensibilityGlobals) = postSolution
		SolutionGuid = {48635108-CA8E-456E-8F6D-4A8A3AB08ED0}
	EndGlobalSection
EndGlobal
